// !$*UTF8*$!
{
	archiveVersion = 1;
	classes = {
	};
	objectVersion = 46;
	objects = {

/* Begin PBXBuildFile section */
		20AD07CD105A842D6D385752 /* libPods-KSYVRPlayerDemo.a in Frameworks */ = {isa = PBXBuildFile; fileRef = 31AA42AC72C47ADC355909A7 /* libPods-KSYVRPlayerDemo.a */; };
		39D03BD61D55DE8C0063DBEA /* main.m in Sources */ = {isa = PBXBuildFile; fileRef = 39D03BD51D55DE8C0063DBEA /* main.m */; };
		39D03BD91D55DE8C0063DBEA /* AppDelegate.m in Sources */ = {isa = PBXBuildFile; fileRef = 39D03BD81D55DE8C0063DBEA /* AppDelegate.m */; };
		39D03BDC1D55DE8C0063DBEA /* ViewController.m in Sources */ = {isa = PBXBuildFile; fileRef = 39D03BDB1D55DE8C0063DBEA /* ViewController.m */; };
		39D03BDF1D55DE8C0063DBEA /* Main.storyboard in Resources */ = {isa = PBXBuildFile; fileRef = 39D03BDD1D55DE8C0063DBEA /* Main.storyboard */; };
		39D03BE11D55DE8C0063DBEA /* Assets.xcassets in Resources */ = {isa = PBXBuildFile; fileRef = 39D03BE01D55DE8C0063DBEA /* Assets.xcassets */; };
		39D03BE41D55DE8C0063DBEA /* LaunchScreen.storyboard in Resources */ = {isa = PBXBuildFile; fileRef = 39D03BE21D55DE8C0063DBEA /* LaunchScreen.storyboard */; };
		39D03BED1D55DFA10063DBEA /* VRPlayerViewController.m in Sources */ = {isa = PBXBuildFile; fileRef = 39D03BEC1D55DFA10063DBEA /* VRPlayerViewController.m */; };
/* End PBXBuildFile section */

/* Begin PBXFileReference section */
		31AA42AC72C47ADC355909A7 /* libPods-KSYVRPlayerDemo.a */ = {isa = PBXFileReference; explicitFileType = archive.ar; includeInIndex = 0; path = "libPods-KSYVRPlayerDemo.a"; sourceTree = BUILT_PRODUCTS_DIR; };
		3350DFCD909591E7266EDACA /* Pods-KSYVRPlayerDemo.debug.xcconfig */ = {isa = PBXFileReference; includeInIndex = 1; lastKnownFileType = text.xcconfig; name = "Pods-KSYVRPlayerDemo.debug.xcconfig"; path = "Pods/Target Support Files/Pods-KSYVRPlayerDemo/Pods-KSYVRPlayerDemo.debug.xcconfig"; sourceTree = "<group>"; };
		39D03BD11D55DE8C0063DBEA /* KSYVRPlayerDemo.app */ = {isa = PBXFileReference; explicitFileType = wrapper.application; includeInIndex = 0; path = KSYVRPlayerDemo.app; sourceTree = BUILT_PRODUCTS_DIR; };
		39D03BD51D55DE8C0063DBEA /* main.m */ = {isa = PBXFileReference; lastKnownFileType = sourcecode.c.objc; path = main.m; sourceTree = "<group>"; };
		39D03BD71D55DE8C0063DBEA /* AppDelegate.h */ = {isa = PBXFileReference; lastKnownFileType = sourcecode.c.h; path = AppDelegate.h; sourceTree = "<group>"; };
		39D03BD81D55DE8C0063DBEA /* AppDelegate.m */ = {isa = PBXFileReference; lastKnownFileType = sourcecode.c.objc; path = AppDelegate.m; sourceTree = "<group>"; };
		39D03BDA1D55DE8C0063DBEA /* ViewController.h */ = {isa = PBXFileReference; lastKnownFileType = sourcecode.c.h; path = ViewController.h; sourceTree = "<group>"; };
		39D03BDB1D55DE8C0063DBEA /* ViewController.m */ = {isa = PBXFileReference; lastKnownFileType = sourcecode.c.objc; path = ViewController.m; sourceTree = "<group>"; };
		39D03BDE1D55DE8C0063DBEA /* Base */ = {isa = PBXFileReference; lastKnownFileType = file.storyboard; name = Base; path = Base.lproj/Main.storyboard; sourceTree = "<group>"; };
		39D03BE01D55DE8C0063DBEA /* Assets.xcassets */ = {isa = PBXFileReference; lastKnownFileType = folder.assetcatalog; path = Assets.xcassets; sourceTree = "<group>"; };
		39D03BE31D55DE8C0063DBEA /* Base */ = {isa = PBXFileReference; lastKnownFileType = file.storyboard; name = Base; path = Base.lproj/LaunchScreen.storyboard; sourceTree = "<group>"; };
		39D03BE51D55DE8C0063DBEA /* Info.plist */ = {isa = PBXFileReference; lastKnownFileType = text.plist.xml; path = Info.plist; sourceTree = "<group>"; };
		39D03BEB1D55DFA10063DBEA /* VRPlayerViewController.h */ = {isa = PBXFileReference; fileEncoding = 4; lastKnownFileType = sourcecode.c.h; path = VRPlayerViewController.h; sourceTree = "<group>"; };
		39D03BEC1D55DFA10063DBEA /* VRPlayerViewController.m */ = {isa = PBXFileReference; fileEncoding = 4; lastKnownFileType = sourcecode.c.objc; path = VRPlayerViewController.m; sourceTree = "<group>"; };
		BAB1A058CC86E96BCCB2040E /* Pods-KSYVRPlayerDemo.release.xcconfig */ = {isa = PBXFileReference; includeInIndex = 1; lastKnownFileType = text.xcconfig; name = "Pods-KSYVRPlayerDemo.release.xcconfig"; path = "Pods/Target Support Files/Pods-KSYVRPlayerDemo/Pods-KSYVRPlayerDemo.release.xcconfig"; sourceTree = "<group>"; };
/* End PBXFileReference section */

/* Begin PBXFrameworksBuildPhase section */
		39D03BCE1D55DE8C0063DBEA /* Frameworks */ = {
			isa = PBXFrameworksBuildPhase;
			buildActionMask = 2147483647;
			files = (
				20AD07CD105A842D6D385752 /* libPods-KSYVRPlayerDemo.a in Frameworks */,
			);
			runOnlyForDeploymentPostprocessing = 0;
		};
/* End PBXFrameworksBuildPhase section */

/* Begin PBXGroup section */
		39D03BC81D55DE8C0063DBEA = {
			isa = PBXGroup;
			children = (
				39D03BD31D55DE8C0063DBEA /* KSYVRPlayerDemo */,
				39D03BD21D55DE8C0063DBEA /* Products */,
				9E658938BDAFCD398384C827 /* Pods */,
				78EC553C2530D278431F575E /* Frameworks */,
			);
			sourceTree = "<group>";
		};
		39D03BD21D55DE8C0063DBEA /* Products */ = {
			isa = PBXGroup;
			children = (
				39D03BD11D55DE8C0063DBEA /* KSYVRPlayerDemo.app */,
			);
			name = Products;
			sourceTree = "<group>";
		};
		39D03BD31D55DE8C0063DBEA /* KSYVRPlayerDemo */ = {
			isa = PBXGroup;
			children = (
				39D03BEB1D55DFA10063DBEA /* VRPlayerViewController.h */,
				39D03BEC1D55DFA10063DBEA /* VRPlayerViewController.m */,
				39D03BD71D55DE8C0063DBEA /* AppDelegate.h */,
				39D03BD81D55DE8C0063DBEA /* AppDelegate.m */,
				39D03BDA1D55DE8C0063DBEA /* ViewController.h */,
				39D03BDB1D55DE8C0063DBEA /* ViewController.m */,
				39D03BDD1D55DE8C0063DBEA /* Main.storyboard */,
				39D03BE01D55DE8C0063DBEA /* Assets.xcassets */,
				39D03BE21D55DE8C0063DBEA /* LaunchScreen.storyboard */,
				39D03BE51D55DE8C0063DBEA /* Info.plist */,
				39D03BD41D55DE8C0063DBEA /* Supporting Files */,
			);
			path = KSYVRPlayerDemo;
			sourceTree = "<group>";
		};
		39D03BD41D55DE8C0063DBEA /* Supporting Files */ = {
			isa = PBXGroup;
			children = (
				39D03BD51D55DE8C0063DBEA /* main.m */,
			);
			name = "Supporting Files";
			sourceTree = "<group>";
		};
		78EC553C2530D278431F575E /* Frameworks */ = {
			isa = PBXGroup;
			children = (
				31AA42AC72C47ADC355909A7 /* libPods-KSYVRPlayerDemo.a */,
			);
			name = Frameworks;
			sourceTree = "<group>";
		};
		9E658938BDAFCD398384C827 /* Pods */ = {
			isa = PBXGroup;
			children = (
				3350DFCD909591E7266EDACA /* Pods-KSYVRPlayerDemo.debug.xcconfig */,
				BAB1A058CC86E96BCCB2040E /* Pods-KSYVRPlayerDemo.release.xcconfig */,
			);
			name = Pods;
			sourceTree = "<group>";
		};
/* End PBXGroup section */

/* Begin PBXNativeTarget section */
		39D03BD01D55DE8C0063DBEA /* KSYVRPlayerDemo */ = {
			isa = PBXNativeTarget;
			buildConfigurationList = 39D03BE81D55DE8C0063DBEA /* Build configuration list for PBXNativeTarget "KSYVRPlayerDemo" */;
			buildPhases = (
				DA0DFECF248AFC5079DBE7F0 /* [CP] Check Pods Manifest.lock */,
				39D03BCD1D55DE8C0063DBEA /* Sources */,
				39D03BCE1D55DE8C0063DBEA /* Frameworks */,
				39D03BCF1D55DE8C0063DBEA /* Resources */,
				430D38DEDF628917F5C8EDAE /* [CP] Embed Pods Frameworks */,
				59159C32A1BF71B46DF2C626 /* [CP] Copy Pods Resources */,
			);
			buildRules = (
			);
			dependencies = (
			);
			name = KSYVRPlayerDemo;
			productName = KSYVRPlayerDemo;
			productReference = 39D03BD11D55DE8C0063DBEA /* KSYVRPlayerDemo.app */;
			productType = "com.apple.product-type.application";
		};
/* End PBXNativeTarget section */

/* Begin PBXProject section */
		39D03BC91D55DE8C0063DBEA /* Project object */ = {
			isa = PBXProject;
			attributes = {
				LastUpgradeCheck = 0730;
				ORGANIZATIONNAME = mayudong;
				TargetAttributes = {
					39D03BD01D55DE8C0063DBEA = {
						CreatedOnToolsVersion = 7.3.1;
					};
				};
			};
			buildConfigurationList = 39D03BCC1D55DE8C0063DBEA /* Build configuration list for PBXProject "KSYVRPlayerDemo" */;
			compatibilityVersion = "Xcode 3.2";
			developmentRegion = English;
			hasScannedForEncodings = 0;
			knownRegions = (
				en,
				Base,
			);
			mainGroup = 39D03BC81D55DE8C0063DBEA;
			productRefGroup = 39D03BD21D55DE8C0063DBEA /* Products */;
			projectDirPath = "";
			projectRoot = "";
			targets = (
				39D03BD01D55DE8C0063DBEA /* KSYVRPlayerDemo */,
			);
		};
/* End PBXProject section */

/* Begin PBXResourcesBuildPhase section */
		39D03BCF1D55DE8C0063DBEA /* Resources */ = {
			isa = PBXResourcesBuildPhase;
			buildActionMask = 2147483647;
			files = (
				39D03BE41D55DE8C0063DBEA /* LaunchScreen.storyboard in Resources */,
				39D03BE11D55DE8C0063DBEA /* Assets.xcassets in Resources */,
				39D03BDF1D55DE8C0063DBEA /* Main.storyboard in Resources */,
			);
			runOnlyForDeploymentPostprocessing = 0;
		};
/* End PBXResourcesBuildPhase section */

/* Begin PBXShellScriptBuildPhase section */
		430D38DEDF628917F5C8EDAE /* [CP] Embed Pods Frameworks */ = {
			isa = PBXShellScriptBuildPhase;
			buildActionMask = 2147483647;
			files = (
			);
			inputPaths = (
			);
			name = "[CP] Embed Pods Frameworks";
			outputPaths = (
			);
			runOnlyForDeploymentPostprocessing = 0;
			shellPath = /bin/sh;
			shellScript = "\"${SRCROOT}/Pods/Target Support Files/Pods-KSYVRPlayerDemo/Pods-KSYVRPlayerDemo-frameworks.sh\"\n";
			showEnvVarsInLog = 0;
		};
		59159C32A1BF71B46DF2C626 /* [CP] Copy Pods Resources */ = {
			isa = PBXShellScriptBuildPhase;
			buildActionMask = 2147483647;
			files = (
			);
			inputPaths = (
			);
			name = "[CP] Copy Pods Resources";
			outputPaths = (
			);
			runOnlyForDeploymentPostprocessing = 0;
			shellPath = /bin/sh;
			shellScript = "\"${SRCROOT}/Pods/Target Support Files/Pods-KSYVRPlayerDemo/Pods-KSYVRPlayerDemo-resources.sh\"\n";
			showEnvVarsInLog = 0;
		};
		DA0DFECF248AFC5079DBE7F0 /* [CP] Check Pods Manifest.lock */ = {
			isa = PBXShellScriptBuildPhase;
			buildActionMask = 2147483647;
			files = (
			);
			inputPaths = (
			);
			name = "[CP] Check Pods Manifest.lock";
			outputPaths = (
			);
			runOnlyForDeploymentPostprocessing = 0;
			shellPath = /bin/sh;
			shellScript = "diff \"${PODS_ROOT}/../Podfile.lock\" \"${PODS_ROOT}/Manifest.lock\" > /dev/null\nif [[ $? != 0 ]] ; then\n    cat << EOM\nerror: The sandbox is not in sync with the Podfile.lock. Run 'pod install' or update your CocoaPods installation.\nEOM\n    exit 1\nfi\n";
			showEnvVarsInLog = 0;
		};
/* End PBXShellScriptBuildPhase section */

/* Begin PBXSourcesBuildPhase section */
		39D03BCD1D55DE8C0063DBEA /* Sources */ = {
			isa = PBXSourcesBuildPhase;
			buildActionMask = 2147483647;
			files = (
				39D03BDC1D55DE8C0063DBEA /* ViewController.m in Sources */,
				39D03BD91D55DE8C0063DBEA /* AppDelegate.m in Sources */,
				39D03BD61D55DE8C0063DBEA /* main.m in Sources */,
				39D03BED1D55DFA10063DBEA /* VRPlayerViewController.m in Sources */,
			);
			runOnlyForDeploymentPostprocessing = 0;
		};
/* End PBXSourcesBuildPhase section */

/* Begin PBXVariantGroup section */
		39D03BDD1D55DE8C0063DBEA /* Main.storyboard */ = {
			isa = PBXVariantGroup;
			children = (
				39D03BDE1D55DE8C0063DBEA /* Base */,
			);
			name = Main.storyboard;
			sourceTree = "<group>";
		};
		39D03BE21D55DE8C0063DBEA /* LaunchScreen.storyboard */ = {
			isa = PBXVariantGroup;
			children = (
				39D03BE31D55DE8C0063DBEA /* Base */,
			);
			name = LaunchScreen.storyboard;
			sourceTree = "<group>";
		};
/* End PBXVariantGroup section */

/* Begin XCBuildConfiguration section */
		39D03BE61D55DE8C0063DBEA /* Debug */ = {
			isa = XCBuildConfiguration;
			buildSettings = {
				ALWAYS_SEARCH_USER_PATHS = NO;
				CLANG_ANALYZER_NONNULL = YES;
				CLANG_CXX_LANGUAGE_STANDARD = "gnu++0x";
				CLANG_CXX_LIBRARY = "libc++";
				CLANG_ENABLE_MODULES = YES;
				CLANG_ENABLE_OBJC_ARC = YES;
				CLANG_WARN_BOOL_CONVERSION = YES;
				CLANG_WARN_CONSTANT_CONVERSION = YES;
				CLANG_WARN_DIRECT_OBJC_ISA_USAGE = YES_ERROR;
				CLANG_WARN_EMPTY_BODY = YES;
				CLANG_WARN_ENUM_CONVERSION = YES;
				CLANG_WARN_INT_CONVERSION = YES;
				CLANG_WARN_OBJC_ROOT_CLASS = YES_ERROR;
				CLANG_WARN_UNREACHABLE_CODE = YES;
				CLANG_WARN__DUPLICATE_METHOD_MATCH = YES;
				"CODE_SIGN_IDENTITY[sdk=iphoneos*]" = "iPhone Developer";
				COPY_PHASE_STRIP = NO;
				DEBUG_INFORMATION_FORMAT = dwarf;
				ENABLE_STRICT_OBJC_MSGSEND = YES;
				ENABLE_TESTABILITY = YES;
				GCC_C_LANGUAGE_STANDARD = gnu99;
				GCC_DYNAMIC_NO_PIC = NO;
				GCC_NO_COMMON_BLOCKS = YES;
				GCC_OPTIMIZATION_LEVEL = 0;
				GCC_PREPROCESSOR_DEFINITIONS = (
					"DEBUG=1",
					"$(inherited)",
				);
				GCC_WARN_64_TO_32_BIT_CONVERSION = YES;
				GCC_WARN_ABOUT_RETURN_TYPE = YES_ERROR;
				GCC_WARN_UNDECLARED_SELECTOR = YES;
				GCC_WARN_UNINITIALIZED_AUTOS = YES_AGGRESSIVE;
				GCC_WARN_UNUSED_FUNCTION = YES;
				GCC_WARN_UNUSED_VARIABLE = YES;
				IPHONEOS_DEPLOYMENT_TARGET = 9.3;
				MTL_ENABLE_DEBUG_INFO = YES;
				ONLY_ACTIVE_ARCH = YES;
				SDKROOT = iphoneos;
				TARGETED_DEVICE_FAMILY = "1,2";
			};
			name = Debug;
		};
		39D03BE71D55DE8C0063DBEA /* Release */ = {
			isa = XCBuildConfiguration;
			buildSettings = {
				ALWAYS_SEARCH_USER_PATHS = NO;
				CLANG_ANALYZER_NONNULL = YES;
				CLANG_CXX_LANGUAGE_STANDARD = "gnu++0x";
				CLANG_CXX_LIBRARY = "libc++";
				CLANG_ENABLE_MODULES = YES;
				CLANG_ENABLE_OBJC_ARC = YES;
				CLANG_WARN_BOOL_CONVERSION = YES;
				CLANG_WARN_CONSTANT_CONVERSION = YES;
				CLANG_WARN_DIRECT_OBJC_ISA_USAGE = YES_ERROR;
				CLANG_WARN_EMPTY_BODY = YES;
				CLANG_WARN_ENUM_CONVERSION = YES;
				CLANG_WARN_INT_CONVERSION = YES;
				CLANG_WARN_OBJC_ROOT_CLASS = YES_ERROR;
				CLANG_WARN_UNREACHABLE_CODE = YES;
				CLANG_WARN__DUPLICATE_METHOD_MATCH = YES;
				"CODE_SIGN_IDENTITY[sdk=iphoneos*]" = "iPhone Developer";
				COPY_PHASE_STRIP = NO;
				DEBUG_INFORMATION_FORMAT = "dwarf-with-dsym";
				ENABLE_NS_ASSERTIONS = NO;
				ENABLE_STRICT_OBJC_MSGSEND = YES;
				GCC_C_LANGUAGE_STANDARD = gnu99;
				GCC_NO_COMMON_BLOCKS = YES;
				GCC_WARN_64_TO_32_BIT_CONVERSION = YES;
				GCC_WARN_ABOUT_RETURN_TYPE = YES_ERROR;
				GCC_WARN_UNDECLARED_SELECTOR = YES;
				GCC_WARN_UNINITIALIZED_AUTOS = YES_AGGRESSIVE;
				GCC_WARN_UNUSED_FUNCTION = YES;
				GCC_WARN_UNUSED_VARIABLE = YES;
				IPHONEOS_DEPLOYMENT_TARGET = 9.3;
				MTL_ENABLE_DEBUG_INFO = NO;
				SDKROOT = iphoneos;
				TARGETED_DEVICE_FAMILY = "1,2";
				VALIDATE_PRODUCT = YES;
			};
			name = Release;
		};
		39D03BE91D55DE8C0063DBEA /* Debug */ = {
			isa = XCBuildConfiguration;
			baseConfigurationReference = 3350DFCD909591E7266EDACA /* Pods-KSYVRPlayerDemo.debug.xcconfig */;
			buildSettings = {
				ASSETCATALOG_COMPILER_APPICON_NAME = AppIcon;
				INFOPLIST_FILE = KSYVRPlayerDemo/Info.plist;
				LD_RUNPATH_SEARCH_PATHS = "$(inherited) @executable_path/Frameworks";
				PRODUCT_BUNDLE_IDENTIFIER = myd.KSYVRPlayerDemo;
				PRODUCT_NAME = "$(TARGET_NAME)";
			};
			name = Debug;
		};
		39D03BEA1D55DE8C0063DBEA /* Release */ = {
			isa = XCBuildConfiguration;
			baseConfigurationReference = BAB1A058CC86E96BCCB2040E /* Pods-KSYVRPlayerDemo.release.xcconfig */;
			buildSettings = {
				ASSETCATALOG_COMPILER_APPICON_NAME = AppIcon;
				INFOPLIST_FILE = KSYVRPlayerDemo/Info.plist;
				LD_RUNPATH_SEARCH_PATHS = "$(inherited) @executable_path/Frameworks";
				PRODUCT_BUNDLE_IDENTIFIER = myd.KSYVRPlayerDemo;
				PRODUCT_NAME = "$(TARGET_NAME)";
			};
			name = Release;
		};
/* End XCBuildConfiguration section */

/* Begin XCConfigurationList section */
		39D03BCC1D55DE8C0063DBEA /* Build configuration list for PBXProject "KSYVRPlayerDemo" */ = {
			isa = XCConfigurationList;
			buildConfigurations = (
				39D03BE61D55DE8C0063DBEA /* Debug */,
				39D03BE71D55DE8C0063DBEA /* Release */,
			);
			defaultConfigurationIsVisible = 0;
			defaultConfigurationName = Release;
		};
		39D03BE81D55DE8C0063DBEA /* Build configuration list for PBXNativeTarget "KSYVRPlayerDemo" */ = {
			isa = XCConfigurationList;
			buildConfigurations = (
				39D03BE91D55DE8C0063DBEA /* Debug */,
				39D03BEA1D55DE8C0063DBEA /* Release */,
			);
			defaultConfigurationIsVisible = 0;
			defaultConfigurationName = Release;
		};
/* End XCConfigurationList section */
	};
	rootObject = 39D03BC91D55DE8C0063DBEA /* Project object */;
}
